// !$*UTF8*$!
{
	archiveVersion = 1;
	classes = {
	};
	objectVersion = 46;
	objects = {

/* Begin PBXBuildFile section */
		1830A72A1723BDE400EEEB72 /* UIKit.framework in Frameworks */ = {isa = PBXBuildFile; fileRef = 1830A7291723BDE400EEEB72 /* UIKit.framework */; };
		1830A72C1723BDE400EEEB72 /* Foundation.framework in Frameworks */ = {isa = PBXBuildFile; fileRef = 1830A72B1723BDE400EEEB72 /* Foundation.framework */; };
		1830A7341723BDE400EEEB72 /* InfoPlist.strings in Resources */ = {isa = PBXBuildFile; fileRef = 1830A7321723BDE400EEEB72 /* InfoPlist.strings */; };
		1830A7361723BDE400EEEB72 /* main.m in Sources */ = {isa = PBXBuildFile; fileRef = 1830A7351723BDE400EEEB72 /* main.m */; };
		1830A73A1723BDE400EEEB72 /* UTAppDelegate.m in Sources */ = {isa = PBXBuildFile; fileRef = 1830A7391723BDE400EEEB72 /* UTAppDelegate.m */; };
		1830A73C1723BDE400EEEB72 /* Default.png in Resources */ = {isa = PBXBuildFile; fileRef = 1830A73B1723BDE400EEEB72 /* Default.png */; };
		1830A73E1723BDE400EEEB72 /* Default@2x.png in Resources */ = {isa = PBXBuildFile; fileRef = 1830A73D1723BDE400EEEB72 /* Default@2x.png */; };
		1830A7401723BDE400EEEB72 /* Default-568h@2x.png in Resources */ = {isa = PBXBuildFile; fileRef = 1830A73F1723BDE400EEEB72 /* Default-568h@2x.png */; };
		1830A7431723BDE400EEEB72 /* MainStoryboard_iPhone.storyboard in Resources */ = {isa = PBXBuildFile; fileRef = 1830A7411723BDE400EEEB72 /* MainStoryboard_iPhone.storyboard */; };
		1830A7461723BDE400EEEB72 /* MainStoryboard_iPad.storyboard in Resources */ = {isa = PBXBuildFile; fileRef = 1830A7441723BDE400EEEB72 /* MainStoryboard_iPad.storyboard */; };
		1830A7491723BDE400EEEB72 /* UTViewController.m in Sources */ = {isa = PBXBuildFile; fileRef = 1830A7481723BDE400EEEB72 /* UTViewController.m */; };
		1830A7821723BE5900EEEB72 /* AFHTTPClient.m in Sources */ = {isa = PBXBuildFile; fileRef = 1830A7541723BE5800EEEB72 /* AFHTTPClient.m */; };
		1830A7831723BE5900EEEB72 /* AFHTTPRequestOperation.m in Sources */ = {isa = PBXBuildFile; fileRef = 1830A7561723BE5800EEEB72 /* AFHTTPRequestOperation.m */; };
		1830A7841723BE5900EEEB72 /* AFHTTPRequestOperationLogger.m in Sources */ = {isa = PBXBuildFile; fileRef = 1830A7581723BE5800EEEB72 /* AFHTTPRequestOperationLogger.m */; };
		1830A7851723BE5900EEEB72 /* AFHTTPRequestOperationLogger.podspec in Resources */ = {isa = PBXBuildFile; fileRef = 1830A7591723BE5800EEEB72 /* AFHTTPRequestOperationLogger.podspec */; };
		1830A7861723BE5900EEEB72 /* AFImageRequestOperation.m in Sources */ = {isa = PBXBuildFile; fileRef = 1830A75B1723BE5800EEEB72 /* AFImageRequestOperation.m */; };
		1830A7871723BE5900EEEB72 /* AFJSONRequestOperation.m in Sources */ = {isa = PBXBuildFile; fileRef = 1830A75D1723BE5800EEEB72 /* AFJSONRequestOperation.m */; };
		1830A7881723BE5900EEEB72 /* AFNetworkActivityIndicatorManager.m in Sources */ = {isa = PBXBuildFile; fileRef = 1830A75F1723BE5800EEEB72 /* AFNetworkActivityIndicatorManager.m */; };
		1830A7891723BE5900EEEB72 /* AFPropertyListRequestOperation.m in Sources */ = {isa = PBXBuildFile; fileRef = 1830A7621723BE5800EEEB72 /* AFPropertyListRequestOperation.m */; };
		1830A78A1723BE5900EEEB72 /* AFURLConnectionOperation.m in Sources */ = {isa = PBXBuildFile; fileRef = 1830A7641723BE5800EEEB72 /* AFURLConnectionOperation.m */; };
		1830A78B1723BE5900EEEB72 /* AFXMLRequestOperation.m in Sources */ = {isa = PBXBuildFile; fileRef = 1830A7661723BE5800EEEB72 /* AFXMLRequestOperation.m */; };
		1830A78C1723BE5900EEEB72 /* LICENSE in Resources */ = {isa = PBXBuildFile; fileRef = 1830A7671723BE5900EEEB72 /* LICENSE */; };
		1830A78D1723BE5900EEEB72 /* README.md in Resources */ = {isa = PBXBuildFile; fileRef = 1830A7681723BE5900EEEB72 /* README.md */; };
		1830A78E1723BE5900EEEB72 /* UIImageView+AFNetworking.m in Sources */ = {isa = PBXBuildFile; fileRef = 1830A76A1723BE5900EEEB72 /* UIImageView+AFNetworking.m */; };
		1830A78F1723BE5900EEEB72 /* UIBarButtonItem+WEPopover.m in Sources */ = {isa = PBXBuildFile; fileRef = 1830A76D1723BE5900EEEB72 /* UIBarButtonItem+WEPopover.m */; };
		1830A7901723BE5900EEEB72 /* WEPopoverContainerView.m in Sources */ = {isa = PBXBuildFile; fileRef = 1830A76F1723BE5900EEEB72 /* WEPopoverContainerView.m */; };
		1830A7911723BE5900EEEB72 /* WEPopoverController.m in Sources */ = {isa = PBXBuildFile; fileRef = 1830A7711723BE5900EEEB72 /* WEPopoverController.m */; };
		1830A7921723BE5900EEEB72 /* WETouchableView.m in Sources */ = {isa = PBXBuildFile; fileRef = 1830A7741723BE5900EEEB72 /* WETouchableView.m */; };
		1830A7931723BE5900EEEB72 /* Reachability.m in Sources */ = {isa = PBXBuildFile; fileRef = 1830A7771723BE5900EEEB72 /* Reachability.m */; };
		1830A7941723BE5900EEEB72 /* LICENSE.txt in Resources */ = {isa = PBXBuildFile; fileRef = 1830A7791723BE5900EEEB72 /* LICENSE.txt */; };
		1830A7951723BE5900EEEB72 /* SVProgressHUD.bundle in Resources */ = {isa = PBXBuildFile; fileRef = 1830A77A1723BE5900EEEB72 /* SVProgressHUD.bundle */; };
		1830A7961723BE5900EEEB72 /* SVProgressHUD.m in Sources */ = {isa = PBXBuildFile; fileRef = 1830A77C1723BE5900EEEB72 /* SVProgressHUD.m */; };
		1830A7971723BE5900EEEB72 /* TPKeyboardAvoidingScrollView.m in Sources */ = {isa = PBXBuildFile; fileRef = 1830A77F1723BE5900EEEB72 /* TPKeyboardAvoidingScrollView.m */; };
		1830A7981723BE5900EEEB72 /* TPKeyboardAvoidingTableView.m in Sources */ = {isa = PBXBuildFile; fileRef = 1830A7811723BE5900EEEB72 /* TPKeyboardAvoidingTableView.m */; };
		1830A7A91723C09700EEEB72 /* Add_button.png in Resources */ = {isa = PBXBuildFile; fileRef = 1830A7A01723C09700EEEB72 /* Add_button.png */; };
		1830A7AA1723C09700EEEB72 /* Arrow_button_left.png in Resources */ = {isa = PBXBuildFile; fileRef = 1830A7A11723C09700EEEB72 /* Arrow_button_left.png */; };
		1830A7AB1723C09700EEEB72 /* bg.png in Resources */ = {isa = PBXBuildFile; fileRef = 1830A7A21723C09700EEEB72 /* bg.png */; };
		1830A7AC1723C09700EEEB72 /* Button_submit.png in Resources */ = {isa = PBXBuildFile; fileRef = 1830A7A31723C09700EEEB72 /* Button_submit.png */; };
		1830A7AD1723C09700EEEB72 /* Delete_button.png in Resources */ = {isa = PBXBuildFile; fileRef = 1830A7A41723C09700EEEB72 /* Delete_button.png */; };
		1830A7AE1723C09700EEEB72 /* Input.png in Resources */ = {isa = PBXBuildFile; fileRef = 1830A7A51723C09700EEEB72 /* Input.png */; };
		1830A7AF1723C09700EEEB72 /* Minus.png in Resources */ = {isa = PBXBuildFile; fileRef = 1830A7A61723C09700EEEB72 /* Minus.png */; };
		1830A7B01723C09700EEEB72 /* Plus.png in Resources */ = {isa = PBXBuildFile; fileRef = 1830A7A71723C09700EEEB72 /* Plus.png */; };
		1830A7B11723C09700EEEB72 /* right_tag.png in Resources */ = {isa = PBXBuildFile; fileRef = 1830A7A81723C09700EEEB72 /* right_tag.png */; };
		1830A7C31723C73A00EEEB72 /* RGMPageView.m in Sources */ = {isa = PBXBuildFile; fileRef = 1830A7C21723C73A00EEEB72 /* RGMPageView.m */; };
		18650DEE1723CA4D00463976 /* QuartzCore.framework in Frameworks */ = {isa = PBXBuildFile; fileRef = 18650DED1723CA4D00463976 /* QuartzCore.framework */; };
		18650DF01723CA5B00463976 /* CoreGraphics.framework in Frameworks */ = {isa = PBXBuildFile; fileRef = 18650DEF1723CA5B00463976 /* CoreGraphics.framework */; };
		18650DF21723CA6C00463976 /* SystemConfiguration.framework in Frameworks */ = {isa = PBXBuildFile; fileRef = 18650DF11723CA6C00463976 /* SystemConfiguration.framework */; };
		18650DF41723CA7F00463976 /* CFNetwork.framework in Frameworks */ = {isa = PBXBuildFile; fileRef = 18650DF31723CA7F00463976 /* CFNetwork.framework */; };
		18650DFC1723CCFA00463976 /* RGMPageControl.m in Sources */ = {isa = PBXBuildFile; fileRef = 18650DF91723CCFA00463976 /* RGMPageControl.m */; };
		18650DFD1723CCFA00463976 /* RGMPagingScrollView.m in Sources */ = {isa = PBXBuildFile; fileRef = 18650DFB1723CCFA00463976 /* RGMPagingScrollView.m */; };
		18650E021723CD4200463976 /* indicator-active.png in Resources */ = {isa = PBXBuildFile; fileRef = 18650DFE1723CD4200463976 /* indicator-active.png */; };
		18650E031723CD4200463976 /* indicator-active@2x.png in Resources */ = {isa = PBXBuildFile; fileRef = 18650DFF1723CD4200463976 /* indicator-active@2x.png */; };
		18650E041723CD4200463976 /* indicator.png in Resources */ = {isa = PBXBuildFile; fileRef = 18650E001723CD4200463976 /* indicator.png */; };
		18650E051723CD4200463976 /* indicator@2x.png in Resources */ = {isa = PBXBuildFile; fileRef = 18650E011723CD4200463976 /* indicator@2x.png */; };
/* End PBXBuildFile section */

/* Begin PBXFileReference section */
		1830A7261723BDE400EEEB72 /* Unitrade.app */ = {isa = PBXFileReference; explicitFileType = wrapper.application; includeInIndex = 0; path = Unitrade.app; sourceTree = BUILT_PRODUCTS_DIR; };
		1830A7291723BDE400EEEB72 /* UIKit.framework */ = {isa = PBXFileReference; lastKnownFileType = wrapper.framework; name = UIKit.framework; path = System/Library/Frameworks/UIKit.framework; sourceTree = SDKROOT; };
		1830A72B1723BDE400EEEB72 /* Foundation.framework */ = {isa = PBXFileReference; lastKnownFileType = wrapper.framework; name = Foundation.framework; path = System/Library/Frameworks/Foundation.framework; sourceTree = SDKROOT; };
		1830A7311723BDE400EEEB72 /* Unitrade-Info.plist */ = {isa = PBXFileReference; lastKnownFileType = text.plist.xml; path = "Unitrade-Info.plist"; sourceTree = "<group>"; };
		1830A7331723BDE400EEEB72 /* en */ = {isa = PBXFileReference; lastKnownFileType = text.plist.strings; name = en; path = en.lproj/InfoPlist.strings; sourceTree = "<group>"; };
		1830A7351723BDE400EEEB72 /* main.m */ = {isa = PBXFileReference; lastKnownFileType = sourcecode.c.objc; path = main.m; sourceTree = "<group>"; };
		1830A7371723BDE400EEEB72 /* Unitrade-Prefix.pch */ = {isa = PBXFileReference; lastKnownFileType = sourcecode.c.h; path = "Unitrade-Prefix.pch"; sourceTree = "<group>"; };
		1830A7381723BDE400EEEB72 /* UTAppDelegate.h */ = {isa = PBXFileReference; lastKnownFileType = sourcecode.c.h; path = UTAppDelegate.h; sourceTree = "<group>"; };
		1830A7391723BDE400EEEB72 /* UTAppDelegate.m */ = {isa = PBXFileReference; lastKnownFileType = sourcecode.c.objc; path = UTAppDelegate.m; sourceTree = "<group>"; };
		1830A73B1723BDE400EEEB72 /* Default.png */ = {isa = PBXFileReference; lastKnownFileType = image.png; path = Default.png; sourceTree = "<group>"; };
		1830A73D1723BDE400EEEB72 /* Default@2x.png */ = {isa = PBXFileReference; lastKnownFileType = image.png; path = "Default@2x.png"; sourceTree = "<group>"; };
		1830A73F1723BDE400EEEB72 /* Default-568h@2x.png */ = {isa = PBXFileReference; lastKnownFileType = image.png; path = "Default-568h@2x.png"; sourceTree = "<group>"; };
		1830A7421723BDE400EEEB72 /* en */ = {isa = PBXFileReference; lastKnownFileType = file.storyboard; name = en; path = en.lproj/MainStoryboard_iPhone.storyboard; sourceTree = "<group>"; };
		1830A7451723BDE400EEEB72 /* en */ = {isa = PBXFileReference; lastKnownFileType = file.storyboard; name = en; path = en.lproj/MainStoryboard_iPad.storyboard; sourceTree = "<group>"; };
		1830A7471723BDE400EEEB72 /* UTViewController.h */ = {isa = PBXFileReference; lastKnownFileType = sourcecode.c.h; path = UTViewController.h; sourceTree = "<group>"; };
		1830A7481723BDE400EEEB72 /* UTViewController.m */ = {isa = PBXFileReference; lastKnownFileType = sourcecode.c.objc; path = UTViewController.m; sourceTree = "<group>"; };
		1830A7531723BE5800EEEB72 /* AFHTTPClient.h */ = {isa = PBXFileReference; fileEncoding = 4; lastKnownFileType = sourcecode.c.h; path = AFHTTPClient.h; sourceTree = "<group>"; };
		1830A7541723BE5800EEEB72 /* AFHTTPClient.m */ = {isa = PBXFileReference; fileEncoding = 4; lastKnownFileType = sourcecode.c.objc; path = AFHTTPClient.m; sourceTree = "<group>"; };
		1830A7551723BE5800EEEB72 /* AFHTTPRequestOperation.h */ = {isa = PBXFileReference; fileEncoding = 4; lastKnownFileType = sourcecode.c.h; path = AFHTTPRequestOperation.h; sourceTree = "<group>"; };
		1830A7561723BE5800EEEB72 /* AFHTTPRequestOperation.m */ = {isa = PBXFileReference; fileEncoding = 4; lastKnownFileType = sourcecode.c.objc; path = AFHTTPRequestOperation.m; sourceTree = "<group>"; };
		1830A7571723BE5800EEEB72 /* AFHTTPRequestOperationLogger.h */ = {isa = PBXFileReference; fileEncoding = 4; lastKnownFileType = sourcecode.c.h; path = AFHTTPRequestOperationLogger.h; sourceTree = "<group>"; };
		1830A7581723BE5800EEEB72 /* AFHTTPRequestOperationLogger.m */ = {isa = PBXFileReference; fileEncoding = 4; lastKnownFileType = sourcecode.c.objc; path = AFHTTPRequestOperationLogger.m; sourceTree = "<group>"; };
		1830A7591723BE5800EEEB72 /* AFHTTPRequestOperationLogger.podspec */ = {isa = PBXFileReference; fileEncoding = 4; lastKnownFileType = text; path = AFHTTPRequestOperationLogger.podspec; sourceTree = "<group>"; };
		1830A75A1723BE5800EEEB72 /* AFImageRequestOperation.h */ = {isa = PBXFileReference; fileEncoding = 4; lastKnownFileType = sourcecode.c.h; path = AFImageRequestOperation.h; sourceTree = "<group>"; };
		1830A75B1723BE5800EEEB72 /* AFImageRequestOperation.m */ = {isa = PBXFileReference; fileEncoding = 4; lastKnownFileType = sourcecode.c.objc; path = AFImageRequestOperation.m; sourceTree = "<group>"; };
		1830A75C1723BE5800EEEB72 /* AFJSONRequestOperation.h */ = {isa = PBXFileReference; fileEncoding = 4; lastKnownFileType = sourcecode.c.h; path = AFJSONRequestOperation.h; sourceTree = "<group>"; };
		1830A75D1723BE5800EEEB72 /* AFJSONRequestOperation.m */ = {isa = PBXFileReference; fileEncoding = 4; lastKnownFileType = sourcecode.c.objc; path = AFJSONRequestOperation.m; sourceTree = "<group>"; };
		1830A75E1723BE5800EEEB72 /* AFNetworkActivityIndicatorManager.h */ = {isa = PBXFileReference; fileEncoding = 4; lastKnownFileType = sourcecode.c.h; path = AFNetworkActivityIndicatorManager.h; sourceTree = "<group>"; };
		1830A75F1723BE5800EEEB72 /* AFNetworkActivityIndicatorManager.m */ = {isa = PBXFileReference; fileEncoding = 4; lastKnownFileType = sourcecode.c.objc; path = AFNetworkActivityIndicatorManager.m; sourceTree = "<group>"; };
		1830A7601723BE5800EEEB72 /* AFNetworking.h */ = {isa = PBXFileReference; fileEncoding = 4; lastKnownFileType = sourcecode.c.h; path = AFNetworking.h; sourceTree = "<group>"; };
		1830A7611723BE5800EEEB72 /* AFPropertyListRequestOperation.h */ = {isa = PBXFileReference; fileEncoding = 4; lastKnownFileType = sourcecode.c.h; path = AFPropertyListRequestOperation.h; sourceTree = "<group>"; };
		1830A7621723BE5800EEEB72 /* AFPropertyListRequestOperation.m */ = {isa = PBXFileReference; fileEncoding = 4; lastKnownFileType = sourcecode.c.objc; path = AFPropertyListRequestOperation.m; sourceTree = "<group>"; };
		1830A7631723BE5800EEEB72 /* AFURLConnectionOperation.h */ = {isa = PBXFileReference; fileEncoding = 4; lastKnownFileType = sourcecode.c.h; path = AFURLConnectionOperation.h; sourceTree = "<group>"; };
		1830A7641723BE5800EEEB72 /* AFURLConnectionOperation.m */ = {isa = PBXFileReference; fileEncoding = 4; lastKnownFileType = sourcecode.c.objc; path = AFURLConnectionOperation.m; sourceTree = "<group>"; };
		1830A7651723BE5800EEEB72 /* AFXMLRequestOperation.h */ = {isa = PBXFileReference; fileEncoding = 4; lastKnownFileType = sourcecode.c.h; path = AFXMLRequestOperation.h; sourceTree = "<group>"; };
		1830A7661723BE5800EEEB72 /* AFXMLRequestOperation.m */ = {isa = PBXFileReference; fileEncoding = 4; lastKnownFileType = sourcecode.c.objc; path = AFXMLRequestOperation.m; sourceTree = "<group>"; };
		1830A7671723BE5900EEEB72 /* LICENSE */ = {isa = PBXFileReference; fileEncoding = 4; lastKnownFileType = text; path = LICENSE; sourceTree = "<group>"; };
		1830A7681723BE5900EEEB72 /* README.md */ = {isa = PBXFileReference; fileEncoding = 4; lastKnownFileType = text; path = README.md; sourceTree = "<group>"; };
		1830A7691723BE5900EEEB72 /* UIImageView+AFNetworking.h */ = {isa = PBXFileReference; fileEncoding = 4; lastKnownFileType = sourcecode.c.h; path = "UIImageView+AFNetworking.h"; sourceTree = "<group>"; };
		1830A76A1723BE5900EEEB72 /* UIImageView+AFNetworking.m */ = {isa = PBXFileReference; fileEncoding = 4; lastKnownFileType = sourcecode.c.objc; path = "UIImageView+AFNetworking.m"; sourceTree = "<group>"; };
		1830A76C1723BE5900EEEB72 /* UIBarButtonItem+WEPopover.h */ = {isa = PBXFileReference; fileEncoding = 4; lastKnownFileType = sourcecode.c.h; path = "UIBarButtonItem+WEPopover.h"; sourceTree = "<group>"; };
		1830A76D1723BE5900EEEB72 /* UIBarButtonItem+WEPopover.m */ = {isa = PBXFileReference; fileEncoding = 4; lastKnownFileType = sourcecode.c.objc; path = "UIBarButtonItem+WEPopover.m"; sourceTree = "<group>"; };
		1830A76E1723BE5900EEEB72 /* WEPopoverContainerView.h */ = {isa = PBXFileReference; fileEncoding = 4; lastKnownFileType = sourcecode.c.h; path = WEPopoverContainerView.h; sourceTree = "<group>"; };
		1830A76F1723BE5900EEEB72 /* WEPopoverContainerView.m */ = {isa = PBXFileReference; fileEncoding = 4; lastKnownFileType = sourcecode.c.objc; path = WEPopoverContainerView.m; sourceTree = "<group>"; };
		1830A7701723BE5900EEEB72 /* WEPopoverController.h */ = {isa = PBXFileReference; fileEncoding = 4; lastKnownFileType = sourcecode.c.h; path = WEPopoverController.h; sourceTree = "<group>"; };
		1830A7711723BE5900EEEB72 /* WEPopoverController.m */ = {isa = PBXFileReference; fileEncoding = 4; lastKnownFileType = sourcecode.c.objc; path = WEPopoverController.m; sourceTree = "<group>"; };
		1830A7721723BE5900EEEB72 /* WEPopoverParentView.h */ = {isa = PBXFileReference; fileEncoding = 4; lastKnownFileType = sourcecode.c.h; path = WEPopoverParentView.h; sourceTree = "<group>"; };
		1830A7731723BE5900EEEB72 /* WETouchableView.h */ = {isa = PBXFileReference; fileEncoding = 4; lastKnownFileType = sourcecode.c.h; path = WETouchableView.h; sourceTree = "<group>"; };
		1830A7741723BE5900EEEB72 /* WETouchableView.m */ = {isa = PBXFileReference; fileEncoding = 4; lastKnownFileType = sourcecode.c.objc; path = WETouchableView.m; sourceTree = "<group>"; };
		1830A7761723BE5900EEEB72 /* Reachability.h */ = {isa = PBXFileReference; fileEncoding = 4; lastKnownFileType = sourcecode.c.h; path = Reachability.h; sourceTree = "<group>"; };
		1830A7771723BE5900EEEB72 /* Reachability.m */ = {isa = PBXFileReference; fileEncoding = 4; lastKnownFileType = sourcecode.c.objc; path = Reachability.m; sourceTree = "<group>"; };
		1830A7791723BE5900EEEB72 /* LICENSE.txt */ = {isa = PBXFileReference; fileEncoding = 4; lastKnownFileType = text; path = LICENSE.txt; sourceTree = "<group>"; };
		1830A77A1723BE5900EEEB72 /* SVProgressHUD.bundle */ = {isa = PBXFileReference; lastKnownFileType = "wrapper.plug-in"; path = SVProgressHUD.bundle; sourceTree = "<group>"; };
		1830A77B1723BE5900EEEB72 /* SVProgressHUD.h */ = {isa = PBXFileReference; fileEncoding = 4; lastKnownFileType = sourcecode.c.h; path = SVProgressHUD.h; sourceTree = "<group>"; };
		1830A77C1723BE5900EEEB72 /* SVProgressHUD.m */ = {isa = PBXFileReference; fileEncoding = 4; lastKnownFileType = sourcecode.c.objc; path = SVProgressHUD.m; sourceTree = "<group>"; };
		1830A77E1723BE5900EEEB72 /* TPKeyboardAvoidingScrollView.h */ = {isa = PBXFileReference; fileEncoding = 4; lastKnownFileType = sourcecode.c.h; path = TPKeyboardAvoidingScrollView.h; sourceTree = "<group>"; };
		1830A77F1723BE5900EEEB72 /* TPKeyboardAvoidingScrollView.m */ = {isa = PBXFileReference; fileEncoding = 4; lastKnownFileType = sourcecode.c.objc; path = TPKeyboardAvoidingScrollView.m; sourceTree = "<group>"; };
		1830A7801723BE5900EEEB72 /* TPKeyboardAvoidingTableView.h */ = {isa = PBXFileReference; fileEncoding = 4; lastKnownFileType = sourcecode.c.h; path = TPKeyboardAvoidingTableView.h; sourceTree = "<group>"; };
		1830A7811723BE5900EEEB72 /* TPKeyboardAvoidingTableView.m */ = {isa = PBXFileReference; fileEncoding = 4; lastKnownFileType = sourcecode.c.objc; path = TPKeyboardAvoidingTableView.m; sourceTree = "<group>"; };
		1830A7A01723C09700EEEB72 /* Add_button.png */ = {isa = PBXFileReference; lastKnownFileType = image.png; path = Add_button.png; sourceTree = "<group>"; };
		1830A7A11723C09700EEEB72 /* Arrow_button_left.png */ = {isa = PBXFileReference; lastKnownFileType = image.png; path = Arrow_button_left.png; sourceTree = "<group>"; };
		1830A7A21723C09700EEEB72 /* bg.png */ = {isa = PBXFileReference; lastKnownFileType = image.png; path = bg.png; sourceTree = "<group>"; };
		1830A7A31723C09700EEEB72 /* Button_submit.png */ = {isa = PBXFileReference; lastKnownFileType = image.png; path = Button_submit.png; sourceTree = "<group>"; };
		1830A7A41723C09700EEEB72 /* Delete_button.png */ = {isa = PBXFileReference; lastKnownFileType = image.png; path = Delete_button.png; sourceTree = "<group>"; };
		1830A7A51723C09700EEEB72 /* Input.png */ = {isa = PBXFileReference; lastKnownFileType = image.png; path = Input.png; sourceTree = "<group>"; };
		1830A7A61723C09700EEEB72 /* Minus.png */ = {isa = PBXFileReference; lastKnownFileType = image.png; path = Minus.png; sourceTree = "<group>"; };
		1830A7A71723C09700EEEB72 /* Plus.png */ = {isa = PBXFileReference; lastKnownFileType = image.png; path = Plus.png; sourceTree = "<group>"; };
		1830A7A81723C09700EEEB72 /* right_tag.png */ = {isa = PBXFileReference; lastKnownFileType = image.png; path = right_tag.png; sourceTree = "<group>"; };
		1830A7C11723C73A00EEEB72 /* RGMPageView.h */ = {isa = PBXFileReference; fileEncoding = 4; lastKnownFileType = sourcecode.c.h; path = RGMPageView.h; sourceTree = "<group>"; };
		1830A7C21723C73A00EEEB72 /* RGMPageView.m */ = {isa = PBXFileReference; fileEncoding = 4; lastKnownFileType = sourcecode.c.objc; path = RGMPageView.m; sourceTree = "<group>"; };
		18650DED1723CA4D00463976 /* QuartzCore.framework */ = {isa = PBXFileReference; lastKnownFileType = wrapper.framework; name = QuartzCore.framework; path = System/Library/Frameworks/QuartzCore.framework; sourceTree = SDKROOT; };
		18650DEF1723CA5B00463976 /* CoreGraphics.framework */ = {isa = PBXFileReference; lastKnownFileType = wrapper.framework; name = CoreGraphics.framework; path = System/Library/Frameworks/CoreGraphics.framework; sourceTree = SDKROOT; };
		18650DF11723CA6C00463976 /* SystemConfiguration.framework */ = {isa = PBXFileReference; lastKnownFileType = wrapper.framework; name = SystemConfiguration.framework; path = System/Library/Frameworks/SystemConfiguration.framework; sourceTree = SDKROOT; };
		18650DF31723CA7F00463976 /* CFNetwork.framework */ = {isa = PBXFileReference; lastKnownFileType = wrapper.framework; name = CFNetwork.framework; path = System/Library/Frameworks/CFNetwork.framework; sourceTree = SDKROOT; };
		18650DF81723CCFA00463976 /* RGMPageControl.h */ = {isa = PBXFileReference; fileEncoding = 4; lastKnownFileType = sourcecode.c.h; name = RGMPageControl.h; path = RGMPagingScrollView/RGMPageControl.h; sourceTree = "<group>"; };
		18650DF91723CCFA00463976 /* RGMPageControl.m */ = {isa = PBXFileReference; fileEncoding = 4; lastKnownFileType = sourcecode.c.objc; name = RGMPageControl.m; path = RGMPagingScrollView/RGMPageControl.m; sourceTree = "<group>"; };
		18650DFA1723CCFA00463976 /* RGMPagingScrollView.h */ = {isa = PBXFileReference; fileEncoding = 4; lastKnownFileType = sourcecode.c.h; name = RGMPagingScrollView.h; path = RGMPagingScrollView/RGMPagingScrollView.h; sourceTree = "<group>"; };
		18650DFB1723CCFA00463976 /* RGMPagingScrollView.m */ = {isa = PBXFileReference; fileEncoding = 4; lastKnownFileType = sourcecode.c.objc; name = RGMPagingScrollView.m; path = RGMPagingScrollView/RGMPagingScrollView.m; sourceTree = "<group>"; };
		18650DFE1723CD4200463976 /* indicator-active.png */ = {isa = PBXFileReference; lastKnownFileType = image.png; name = "indicator-active.png"; path = "Images/pagingview/indicator-active.png"; sourceTree = "<group>"; };
		18650DFF1723CD4200463976 /* indicator-active@2x.png */ = {isa = PBXFileReference; lastKnownFileType = image.png; name = "indicator-active@2x.png"; path = "Images/pagingview/indicator-active@2x.png"; sourceTree = "<group>"; };
		18650E001723CD4200463976 /* indicator.png */ = {isa = PBXFileReference; lastKnownFileType = image.png; name = indicator.png; path = Images/pagingview/indicator.png; sourceTree = "<group>"; };
		18650E011723CD4200463976 /* indicator@2x.png */ = {isa = PBXFileReference; lastKnownFileType = image.png; name = "indicator@2x.png"; path = "Images/pagingview/indicator@2x.png"; sourceTree = "<group>"; };
/* End PBXFileReference section */

/* Begin PBXFrameworksBuildPhase section */
		1830A7231723BDE400EEEB72 /* Frameworks */ = {
			isa = PBXFrameworksBuildPhase;
			buildActionMask = 2147483647;
			files = (
				18650DF41723CA7F00463976 /* CFNetwork.framework in Frameworks */,
				18650DF21723CA6C00463976 /* SystemConfiguration.framework in Frameworks */,
				18650DF01723CA5B00463976 /* CoreGraphics.framework in Frameworks */,
				18650DEE1723CA4D00463976 /* QuartzCore.framework in Frameworks */,
				1830A72A1723BDE400EEEB72 /* UIKit.framework in Frameworks */,
				1830A72C1723BDE400EEEB72 /* Foundation.framework in Frameworks */,
			);
			runOnlyForDeploymentPostprocessing = 0;
		};
/* End PBXFrameworksBuildPhase section */

/* Begin PBXGroup section */
		1830A71D1723BDE400EEEB72 = {
			isa = PBXGroup;
			children = (
				1830A7511723BE5800EEEB72 /* ThirdParty */,
				1830A72F1723BDE400EEEB72 /* Unitrade */,
				1830A7281723BDE400EEEB72 /* Frameworks */,
				1830A7271723BDE400EEEB72 /* Products */,
			);
			sourceTree = "<group>";
		};
		1830A7271723BDE400EEEB72 /* Products */ = {
			isa = PBXGroup;
			children = (
				1830A7261723BDE400EEEB72 /* Unitrade.app */,
			);
			name = Products;
			sourceTree = "<group>";
		};
		1830A7281723BDE400EEEB72 /* Frameworks */ = {
			isa = PBXGroup;
			children = (
				18650DF31723CA7F00463976 /* CFNetwork.framework */,
				18650DF11723CA6C00463976 /* SystemConfiguration.framework */,
				18650DEF1723CA5B00463976 /* CoreGraphics.framework */,
				18650DED1723CA4D00463976 /* QuartzCore.framework */,
				1830A7291723BDE400EEEB72 /* UIKit.framework */,
				1830A72B1723BDE400EEEB72 /* Foundation.framework */,
			);
			name = Frameworks;
			sourceTree = "<group>";
		};
		1830A72F1723BDE400EEEB72 /* Unitrade */ = {
			isa = PBXGroup;
			children = (
				1830A7B51723C0C600EEEB72 /* Controller */,
				1830A7B41723C0BF00EEEB72 /* View */,
				1830A7B31723C0B500EEEB72 /* Model */,
				1830A7381723BDE400EEEB72 /* UTAppDelegate.h */,
				1830A7391723BDE400EEEB72 /* UTAppDelegate.m */,
				1830A7411723BDE400EEEB72 /* MainStoryboard_iPhone.storyboard */,
				1830A7441723BDE400EEEB72 /* MainStoryboard_iPad.storyboard */,
				1830A7301723BDE400EEEB72 /* Supporting Files */,
				1830A7B21723C09E00EEEB72 /* Resources */,
			);
			path = Unitrade;
			sourceTree = "<group>";
		};
		1830A7301723BDE400EEEB72 /* Supporting Files */ = {
			isa = PBXGroup;
			children = (
				1830A7311723BDE400EEEB72 /* Unitrade-Info.plist */,
				1830A7321723BDE400EEEB72 /* InfoPlist.strings */,
				1830A7351723BDE400EEEB72 /* main.m */,
				1830A7371723BDE400EEEB72 /* Unitrade-Prefix.pch */,
				1830A73B1723BDE400EEEB72 /* Default.png */,
				1830A73D1723BDE400EEEB72 /* Default@2x.png */,
				1830A73F1723BDE400EEEB72 /* Default-568h@2x.png */,
			);
			name = "Supporting Files";
			sourceTree = "<group>";
		};
		1830A7511723BE5800EEEB72 /* ThirdParty */ = {
			isa = PBXGroup;
			children = (
				18650DF71723CCDA00463976 /* RGBScrollingView */,
				1830A7521723BE5800EEEB72 /* AFNetworking */,
				1830A76B1723BE5900EEEB72 /* Popover */,
				1830A7751723BE5900EEEB72 /* Reachability */,
				1830A7781723BE5900EEEB72 /* SVProgressHUD */,
				1830A77D1723BE5900EEEB72 /* TPKeyboardAvoiding */,
			);
			path = ThirdParty;
			sourceTree = "<group>";
		};
		1830A7521723BE5800EEEB72 /* AFNetworking */ = {
			isa = PBXGroup;
			children = (
				1830A7531723BE5800EEEB72 /* AFHTTPClient.h */,
				1830A7541723BE5800EEEB72 /* AFHTTPClient.m */,
				1830A7551723BE5800EEEB72 /* AFHTTPRequestOperation.h */,
				1830A7561723BE5800EEEB72 /* AFHTTPRequestOperation.m */,
				1830A7571723BE5800EEEB72 /* AFHTTPRequestOperationLogger.h */,
				1830A7581723BE5800EEEB72 /* AFHTTPRequestOperationLogger.m */,
				1830A7591723BE5800EEEB72 /* AFHTTPRequestOperationLogger.podspec */,
				1830A75A1723BE5800EEEB72 /* AFImageRequestOperation.h */,
				1830A75B1723BE5800EEEB72 /* AFImageRequestOperation.m */,
				1830A75C1723BE5800EEEB72 /* AFJSONRequestOperation.h */,
				1830A75D1723BE5800EEEB72 /* AFJSONRequestOperation.m */,
				1830A75E1723BE5800EEEB72 /* AFNetworkActivityIndicatorManager.h */,
				1830A75F1723BE5800EEEB72 /* AFNetworkActivityIndicatorManager.m */,
				1830A7601723BE5800EEEB72 /* AFNetworking.h */,
				1830A7611723BE5800EEEB72 /* AFPropertyListRequestOperation.h */,
				1830A7621723BE5800EEEB72 /* AFPropertyListRequestOperation.m */,
				1830A7631723BE5800EEEB72 /* AFURLConnectionOperation.h */,
				1830A7641723BE5800EEEB72 /* AFURLConnectionOperation.m */,
				1830A7651723BE5800EEEB72 /* AFXMLRequestOperation.h */,
				1830A7661723BE5800EEEB72 /* AFXMLRequestOperation.m */,
				1830A7671723BE5900EEEB72 /* LICENSE */,
				1830A7681723BE5900EEEB72 /* README.md */,
				1830A7691723BE5900EEEB72 /* UIImageView+AFNetworking.h */,
				1830A76A1723BE5900EEEB72 /* UIImageView+AFNetworking.m */,
			);
			path = AFNetworking;
			sourceTree = "<group>";
		};
		1830A76B1723BE5900EEEB72 /* Popover */ = {
			isa = PBXGroup;
			children = (
				1830A76C1723BE5900EEEB72 /* UIBarButtonItem+WEPopover.h */,
				1830A76D1723BE5900EEEB72 /* UIBarButtonItem+WEPopover.m */,
				1830A76E1723BE5900EEEB72 /* WEPopoverContainerView.h */,
				1830A76F1723BE5900EEEB72 /* WEPopoverContainerView.m */,
				1830A7701723BE5900EEEB72 /* WEPopoverController.h */,
				1830A7711723BE5900EEEB72 /* WEPopoverController.m */,
				1830A7721723BE5900EEEB72 /* WEPopoverParentView.h */,
				1830A7731723BE5900EEEB72 /* WETouchableView.h */,
				1830A7741723BE5900EEEB72 /* WETouchableView.m */,
			);
			path = Popover;
			sourceTree = "<group>";
		};
		1830A7751723BE5900EEEB72 /* Reachability */ = {
			isa = PBXGroup;
			children = (
				1830A7761723BE5900EEEB72 /* Reachability.h */,
				1830A7771723BE5900EEEB72 /* Reachability.m */,
			);
			path = Reachability;
			sourceTree = "<group>";
		};
		1830A7781723BE5900EEEB72 /* SVProgressHUD */ = {
			isa = PBXGroup;
			children = (
				1830A7791723BE5900EEEB72 /* LICENSE.txt */,
				1830A77A1723BE5900EEEB72 /* SVProgressHUD.bundle */,
				1830A77B1723BE5900EEEB72 /* SVProgressHUD.h */,
				1830A77C1723BE5900EEEB72 /* SVProgressHUD.m */,
			);
			path = SVProgressHUD;
			sourceTree = "<group>";
		};
		1830A77D1723BE5900EEEB72 /* TPKeyboardAvoiding */ = {
			isa = PBXGroup;
			children = (
				1830A77E1723BE5900EEEB72 /* TPKeyboardAvoidingScrollView.h */,
				1830A77F1723BE5900EEEB72 /* TPKeyboardAvoidingScrollView.m */,
				1830A7801723BE5900EEEB72 /* TPKeyboardAvoidingTableView.h */,
				1830A7811723BE5900EEEB72 /* TPKeyboardAvoidingTableView.m */,
			);
			path = TPKeyboardAvoiding;
			sourceTree = "<group>";
		};
		1830A79F1723C09700EEEB72 /* Images */ = {
			isa = PBXGroup;
			children = (
				1830A7A01723C09700EEEB72 /* Add_button.png */,
				1830A7A11723C09700EEEB72 /* Arrow_button_left.png */,
				1830A7A21723C09700EEEB72 /* bg.png */,
				1830A7A31723C09700EEEB72 /* Button_submit.png */,
				1830A7A41723C09700EEEB72 /* Delete_button.png */,
				1830A7A51723C09700EEEB72 /* Input.png */,
				1830A7A61723C09700EEEB72 /* Minus.png */,
				1830A7A71723C09700EEEB72 /* Plus.png */,
				1830A7A81723C09700EEEB72 /* right_tag.png */,
			);
			path = Images;
			sourceTree = "<group>";
		};
		1830A7B21723C09E00EEEB72 /* Resources */ = {
			isa = PBXGroup;
			children = (
				18650DFE1723CD4200463976 /* indicator-active.png */,
				18650DFF1723CD4200463976 /* indicator-active@2x.png */,
				18650E001723CD4200463976 /* indicator.png */,
				18650E011723CD4200463976 /* indicator@2x.png */,
				1830A79F1723C09700EEEB72 /* Images */,
			);
			name = Resources;
			path = ..;
			sourceTree = "<group>";
		};
		1830A7B31723C0B500EEEB72 /* Model */ = {
			isa = PBXGroup;
			children = (
			);
			name = Model;
			sourceTree = "<group>";
		};
		1830A7B41723C0BF00EEEB72 /* View */ = {
			isa = PBXGroup;
			children = (
				1830A7C11723C73A00EEEB72 /* RGMPageView.h */,
				1830A7C21723C73A00EEEB72 /* RGMPageView.m */,
			);
			name = View;
			sourceTree = "<group>";
		};
		1830A7B51723C0C600EEEB72 /* Controller */ = {
			isa = PBXGroup;
			children = (
				1830A7471723BDE400EEEB72 /* UTViewController.h */,
				1830A7481723BDE400EEEB72 /* UTViewController.m */,
			);
			name = Controller;
			sourceTree = "<group>";
		};
		18650DF71723CCDA00463976 /* RGBScrollingView */ = {
			isa = PBXGroup;
			children = (
				18650DF81723CCFA00463976 /* RGMPageControl.h */,
				18650DF91723CCFA00463976 /* RGMPageControl.m */,
				18650DFA1723CCFA00463976 /* RGMPagingScrollView.h */,
				18650DFB1723CCFA00463976 /* RGMPagingScrollView.m */,
			);
			name = RGBScrollingView;
			sourceTree = "<group>";
		};
/* End PBXGroup section */

/* Begin PBXNativeTarget section */
		1830A7251723BDE400EEEB72 /* Unitrade */ = {
			isa = PBXNativeTarget;
			buildConfigurationList = 1830A74C1723BDE400EEEB72 /* Build configuration list for PBXNativeTarget "Unitrade" */;
			buildPhases = (
				1830A7221723BDE400EEEB72 /* Sources */,
				1830A7231723BDE400EEEB72 /* Frameworks */,
				1830A7241723BDE400EEEB72 /* Resources */,
			);
			buildRules = (
			);
			dependencies = (
			);
			name = Unitrade;
			productName = Unitrade;
			productReference = 1830A7261723BDE400EEEB72 /* Unitrade.app */;
			productType = "com.apple.product-type.application";
		};
/* End PBXNativeTarget section */

/* Begin PBXProject section */
		1830A71E1723BDE400EEEB72 /* Project object */ = {
			isa = PBXProject;
			attributes = {
				CLASSPREFIX = UT;
				LastUpgradeCheck = 0460;
				ORGANIZATIONNAME = waynewgl;
			};
			buildConfigurationList = 1830A7211723BDE400EEEB72 /* Build configuration list for PBXProject "Unitrade" */;
			compatibilityVersion = "Xcode 3.2";
			developmentRegion = English;
			hasScannedForEncodings = 0;
			knownRegions = (
				en,
			);
			mainGroup = 1830A71D1723BDE400EEEB72;
			productRefGroup = 1830A7271723BDE400EEEB72 /* Products */;
			projectDirPath = "";
			projectRoot = "";
			targets = (
				1830A7251723BDE400EEEB72 /* Unitrade */,
			);
		};
/* End PBXProject section */

/* Begin PBXResourcesBuildPhase section */
		1830A7241723BDE400EEEB72 /* Resources */ = {
			isa = PBXResourcesBuildPhase;
			buildActionMask = 2147483647;
			files = (
				1830A7341723BDE400EEEB72 /* InfoPlist.strings in Resources */,
				1830A73C1723BDE400EEEB72 /* Default.png in Resources */,
				1830A73E1723BDE400EEEB72 /* Default@2x.png in Resources */,
				1830A7401723BDE400EEEB72 /* Default-568h@2x.png in Resources */,
				1830A7431723BDE400EEEB72 /* MainStoryboard_iPhone.storyboard in Resources */,
				1830A7461723BDE400EEEB72 /* MainStoryboard_iPad.storyboard in Resources */,
				1830A7851723BE5900EEEB72 /* AFHTTPRequestOperationLogger.podspec in Resources */,
				1830A78C1723BE5900EEEB72 /* LICENSE in Resources */,
				1830A78D1723BE5900EEEB72 /* README.md in Resources */,
				1830A7941723BE5900EEEB72 /* LICENSE.txt in Resources */,
				1830A7951723BE5900EEEB72 /* SVProgressHUD.bundle in Resources */,
				1830A7A91723C09700EEEB72 /* Add_button.png in Resources */,
				1830A7AA1723C09700EEEB72 /* Arrow_button_left.png in Resources */,
				1830A7AB1723C09700EEEB72 /* bg.png in Resources */,
				1830A7AC1723C09700EEEB72 /* Button_submit.png in Resources */,
				1830A7AD1723C09700EEEB72 /* Delete_button.png in Resources */,
				1830A7AE1723C09700EEEB72 /* Input.png in Resources */,
				1830A7AF1723C09700EEEB72 /* Minus.png in Resources */,
				1830A7B01723C09700EEEB72 /* Plus.png in Resources */,
				1830A7B11723C09700EEEB72 /* right_tag.png in Resources */,
				18650E021723CD4200463976 /* indicator-active.png in Resources */,
				18650E031723CD4200463976 /* indicator-active@2x.png in Resources */,
				18650E041723CD4200463976 /* indicator.png in Resources */,
				18650E051723CD4200463976 /* indicator@2x.png in Resources */,
			);
			runOnlyForDeploymentPostprocessing = 0;
		};
/* End PBXResourcesBuildPhase section */

/* Begin PBXSourcesBuildPhase section */
		1830A7221723BDE400EEEB72 /* Sources */ = {
			isa = PBXSourcesBuildPhase;
			buildActionMask = 2147483647;
			files = (
				1830A7361723BDE400EEEB72 /* main.m in Sources */,
				1830A73A1723BDE400EEEB72 /* UTAppDelegate.m in Sources */,
				1830A7491723BDE400EEEB72 /* UTViewController.m in Sources */,
				1830A7821723BE5900EEEB72 /* AFHTTPClient.m in Sources */,
				1830A7831723BE5900EEEB72 /* AFHTTPRequestOperation.m in Sources */,
				1830A7841723BE5900EEEB72 /* AFHTTPRequestOperationLogger.m in Sources */,
				1830A7861723BE5900EEEB72 /* AFImageRequestOperation.m in Sources */,
				1830A7871723BE5900EEEB72 /* AFJSONRequestOperation.m in Sources */,
				1830A7881723BE5900EEEB72 /* AFNetworkActivityIndicatorManager.m in Sources */,
				1830A7891723BE5900EEEB72 /* AFPropertyListRequestOperation.m in Sources */,
				1830A78A1723BE5900EEEB72 /* AFURLConnectionOperation.m in Sources */,
				1830A78B1723BE5900EEEB72 /* AFXMLRequestOperation.m in Sources */,
				1830A78E1723BE5900EEEB72 /* UIImageView+AFNetworking.m in Sources */,
				1830A78F1723BE5900EEEB72 /* UIBarButtonItem+WEPopover.m in Sources */,
				1830A7901723BE5900EEEB72 /* WEPopoverContainerView.m in Sources */,
				1830A7911723BE5900EEEB72 /* WEPopoverController.m in Sources */,
				1830A7921723BE5900EEEB72 /* WETouchableView.m in Sources */,
				1830A7931723BE5900EEEB72 /* Reachability.m in Sources */,
				1830A7961723BE5900EEEB72 /* SVProgressHUD.m in Sources */,
				1830A7971723BE5900EEEB72 /* TPKeyboardAvoidingScrollView.m in Sources */,
				1830A7981723BE5900EEEB72 /* TPKeyboardAvoidingTableView.m in Sources */,
				1830A7C31723C73A00EEEB72 /* RGMPageView.m in Sources */,
				18650DFC1723CCFA00463976 /* RGMPageControl.m in Sources */,
				18650DFD1723CCFA00463976 /* RGMPagingScrollView.m in Sources */,
			);
			runOnlyForDeploymentPostprocessing = 0;
		};
/* End PBXSourcesBuildPhase section */

/* Begin PBXVariantGroup section */
		1830A7321723BDE400EEEB72 /* InfoPlist.strings */ = {
			isa = PBXVariantGroup;
			children = (
				1830A7331723BDE400EEEB72 /* en */,
			);
			name = InfoPlist.strings;
			sourceTree = "<group>";
		};
		1830A7411723BDE400EEEB72 /* MainStoryboard_iPhone.storyboard */ = {
			isa = PBXVariantGroup;
			children = (
				1830A7421723BDE400EEEB72 /* en */,
			);
			name = MainStoryboard_iPhone.storyboard;
			sourceTree = "<group>";
		};
		1830A7441723BDE400EEEB72 /* MainStoryboard_iPad.storyboard */ = {
			isa = PBXVariantGroup;
			children = (
				1830A7451723BDE400EEEB72 /* en */,
			);
			name = MainStoryboard_iPad.storyboard;
			sourceTree = "<group>";
		};
/* End PBXVariantGroup section */

/* Begin XCBuildConfiguration section */
		1830A74A1723BDE400EEEB72 /* Debug */ = {
			isa = XCBuildConfiguration;
			buildSettings = {
				ALWAYS_SEARCH_USER_PATHS = NO;
				CLANG_CXX_LANGUAGE_STANDARD = "gnu++0x";
				CLANG_CXX_LIBRARY = "libc++";
				CLANG_ENABLE_OBJC_ARC = YES;
				CLANG_WARN_CONSTANT_CONVERSION = YES;
				CLANG_WARN_EMPTY_BODY = YES;
				CLANG_WARN_ENUM_CONVERSION = YES;
				CLANG_WARN_INT_CONVERSION = YES;
				CLANG_WARN__DUPLICATE_METHOD_MATCH = YES;
				"CODE_SIGN_IDENTITY[sdk=iphoneos*]" = "iPhone Developer";
				COPY_PHASE_STRIP = NO;
				GCC_C_LANGUAGE_STANDARD = gnu99;
				GCC_DYNAMIC_NO_PIC = NO;
				GCC_OPTIMIZATION_LEVEL = 0;
				GCC_PREPROCESSOR_DEFINITIONS = (
					"DEBUG=1",
					"$(inherited)",
				);
				GCC_SYMBOLS_PRIVATE_EXTERN = NO;
				GCC_WARN_ABOUT_RETURN_TYPE = YES;
				GCC_WARN_UNINITIALIZED_AUTOS = YES;
				GCC_WARN_UNUSED_VARIABLE = YES;
				IPHONEOS_DEPLOYMENT_TARGET = 5.1;
				ONLY_ACTIVE_ARCH = YES;
				SDKROOT = iphoneos;
				TARGETED_DEVICE_FAMILY = "1,2";
			};
			name = Debug;
		};
		1830A74B1723BDE400EEEB72 /* Release */ = {
			isa = XCBuildConfiguration;
			buildSettings = {
				ALWAYS_SEARCH_USER_PATHS = NO;
				CLANG_CXX_LANGUAGE_STANDARD = "gnu++0x";
				CLANG_CXX_LIBRARY = "libc++";
				CLANG_ENABLE_OBJC_ARC = YES;
				CLANG_WARN_CONSTANT_CONVERSION = YES;
				CLANG_WARN_EMPTY_BODY = YES;
				CLANG_WARN_ENUM_CONVERSION = YES;
				CLANG_WARN_INT_CONVERSION = YES;
				CLANG_WARN__DUPLICATE_METHOD_MATCH = YES;
				"CODE_SIGN_IDENTITY[sdk=iphoneos*]" = "iPhone Developer";
				COPY_PHASE_STRIP = YES;
				GCC_C_LANGUAGE_STANDARD = gnu99;
				GCC_WARN_ABOUT_RETURN_TYPE = YES;
				GCC_WARN_UNINITIALIZED_AUTOS = YES;
				GCC_WARN_UNUSED_VARIABLE = YES;
				IPHONEOS_DEPLOYMENT_TARGET = 5.1;
				OTHER_CFLAGS = "-DNS_BLOCK_ASSERTIONS=1";
				SDKROOT = iphoneos;
				TARGETED_DEVICE_FAMILY = "1,2";
				VALIDATE_PRODUCT = YES;
			};
			name = Release;
		};
		1830A74D1723BDE400EEEB72 /* Debug */ = {
			isa = XCBuildConfiguration;
			buildSettings = {
				GCC_PRECOMPILE_PREFIX_HEADER = YES;
				GCC_PREFIX_HEADER = "Unitrade/Unitrade-Prefix.pch";
				INFOPLIST_FILE = "Unitrade/Unitrade-Info.plist";
				IPHONEOS_DEPLOYMENT_TARGET = 5.1;
				ONLY_ACTIVE_ARCH = YES;
				PRODUCT_NAME = "$(TARGET_NAME)";
				WRAPPER_EXTENSION = app;
			};
			name = Debug;
		};
		1830A74E1723BDE400EEEB72 /* Release */ = {
			isa = XCBuildConfiguration;
			buildSettings = {
				GCC_PRECOMPILE_PREFIX_HEADER = YES;
				GCC_PREFIX_HEADER = "Unitrade/Unitrade-Prefix.pch";
				INFOPLIST_FILE = "Unitrade/Unitrade-Info.plist";
				IPHONEOS_DEPLOYMENT_TARGET = 5.1;
				ONLY_ACTIVE_ARCH = YES;
				PRODUCT_NAME = "$(TARGET_NAME)";
				WRAPPER_EXTENSION = app;
			};
			name = Release;
		};
/* End XCBuildConfiguration section */

/* Begin XCConfigurationList section */
		1830A7211723BDE400EEEB72 /* Build configuration list for PBXProject "Unitrade" */ = {
			isa = XCConfigurationList;
			buildConfigurations = (
				1830A74A1723BDE400EEEB72 /* Debug */,
				1830A74B1723BDE400EEEB72 /* Release */,
			);
			defaultConfigurationIsVisible = 0;
			defaultConfigurationName = Release;
		};
		1830A74C1723BDE400EEEB72 /* Build configuration list for PBXNativeTarget "Unitrade" */ = {
			isa = XCConfigurationList;
			buildConfigurations = (
				1830A74D1723BDE400EEEB72 /* Debug */,
				1830A74E1723BDE400EEEB72 /* Release */,
			);
			defaultConfigurationIsVisible = 0;
			defaultConfigurationName = Release;
		};
/* End XCConfigurationList section */
	};
	rootObject = 1830A71E1723BDE400EEEB72 /* Project object */;
}
